
Microsoft Visual Studio Solution File, Format Version 12.00
# Visual Studio Version 16
VisualStudioVersion = 16.0.28917.181
MinimumVisualStudioVersion = 10.0.40219.1
Project("{8BC9CEB8-8B4A-11D0-8D11-00A0C91BC942}") = "test", "test\test.vcxproj", "{D0CA2A96-AF27-408B-A928-81C69822DB9E}"
EndProject
Project("{2150E333-8FDC-42A3-9474-1A3956D46DE8}") = "warehouse", "warehouse", "{3E73B7DC-DD8A-4DAE-80D3-A057047807FC}"
EndProject
Project("{8BC9CEB8-8B4A-11D0-8D11-00A0C91BC942}") = "test1", "test1\test1.vcxproj", "{BCC13507-D817-4EAD-A5E8-578FE90DF5C1}"
EndProject
Project("{8BC9CEB8-8B4A-11D0-8D11-00A0C91BC942}") = "test2", "test2\test2.vcxproj", "{C9366F67-1122-408D-9F51-888317961169}"
EndProject
Project("{8BC9CEB8-8B4A-11D0-8D11-00A0C91BC942}") = "test3", "test3\test3.vcxproj", "{6BF5E397-CB9D-493D-B551-D843D64A08B8}"
EndProject
Project("{8BC9CEB8-8B4A-11D0-8D11-00A0C91BC942}") = "test4", "test4\test4.vcxproj", "{5536944D-8770-4E94-B4C6-92879231A9A5}"
EndProject
Project("{8BC9CEB8-8B4A-11D0-8D11-00A0C91BC942}") = "Project1", "Project1\Project1.vcxproj", "{D817E66D-BB4B-482D-AC33-15B9F01311AA}"
EndProject
Project("{8BC9CEB8-8B4A-11D0-8D11-00A0C91BC942}") = "Project2", "Project2\Project2.vcxproj", "{F19CED2F-9D83-4781-BA16-C91B5F0773A7}"
EndProject
Project("{8BC9CEB8-8B4A-11D0-8D11-00A0C91BC942}") = "Project3", "Project3\Project3.vcxproj", "{C1B5C457-627B-475C-A5C5-5A4B421D554C}"
EndProject
Project("{8BC9CEB8-8B4A-11D0-8D11-00A0C91BC942}") = "Chal5", "Chal5\Chal5.vcxproj", "{135432F9-BDA3-4967-AB79-FA8240D6E915}"
EndProject
Project("{8BC9CEB8-8B4A-11D0-8D11-00A0C91BC942}") = "q1", "q1\q1.vcxproj", "{F851AD90-C3FA-4D1F-843E-5DE7D6510011}"
EndProject
Project("{8BC9CEB8-8B4A-11D0-8D11-00A0C91BC942}") = "5.23일 1번 도전", "1\1.vcxproj", "{1785766F-B0C9-4815-9E67-0AB0AECCF9E5}"
EndProject
Project("{8BC9CEB8-8B4A-11D0-8D11-00A0C91BC942}") = "5.23일 도전 3", "5.23일 도전 3\5.23일 도전 3.vcxproj", "{3BED0D44-7F62-4D4E-A4A4-E59532246D51}"
EndProject
Project("{8BC9CEB8-8B4A-11D0-8D11-00A0C91BC942}") = "5.23일 도전 4", "5.23일 도전 4\5.23일 도전 4.vcxproj", "{6DD2E109-2322-49DC-B06B-88063F20AD5D}"
EndProject
Project("{8BC9CEB8-8B4A-11D0-8D11-00A0C91BC942}") = "5.23일 도전 5 변형", "5.23일 도전 5 변형\5.23일 도전 5 변형.vcxproj", "{B91BEC9C-8E35-4D3B-BF69-EBDC1536B5FF}"
EndProject
Global
	GlobalSection(SolutionConfigurationPlatforms) = preSolution
		Debug|x64 = Debug|x64
		Debug|x86 = Debug|x86
		Release|x64 = Release|x64
		Release|x86 = Release|x86
	EndGlobalSection
	GlobalSection(ProjectConfigurationPlatforms) = postSolution
		{D0CA2A96-AF27-408B-A928-81C69822DB9E}.Debug|x64.ActiveCfg = Debug|x64
		{D0CA2A96-AF27-408B-A928-81C69822DB9E}.Debug|x64.Build.0 = Debug|x64
		{D0CA2A96-AF27-408B-A928-81C69822DB9E}.Debug|x86.ActiveCfg = Debug|Win32
		{D0CA2A96-AF27-408B-A928-81C69822DB9E}.Debug|x86.Build.0 = Debug|Win32
		{D0CA2A96-AF27-408B-A928-81C69822DB9E}.Release|x64.ActiveCfg = Release|x64
		{D0CA2A96-AF27-408B-A928-81C69822DB9E}.Release|x64.Build.0 = Release|x64
		{D0CA2A96-AF27-408B-A928-81C69822DB9E}.Release|x86.ActiveCfg = Release|Win32
		{D0CA2A96-AF27-408B-A928-81C69822DB9E}.Release|x86.Build.0 = Release|Win32
		{BCC13507-D817-4EAD-A5E8-578FE90DF5C1}.Debug|x64.ActiveCfg = Debug|x64
		{BCC13507-D817-4EAD-A5E8-578FE90DF5C1}.Debug|x64.Build.0 = Debug|x64
		{BCC13507-D817-4EAD-A5E8-578FE90DF5C1}.Debug|x86.ActiveCfg = Debug|Win32
		{BCC13507-D817-4EAD-A5E8-578FE90DF5C1}.Debug|x86.Build.0 = Debug|Win32
		{BCC13507-D817-4EAD-A5E8-578FE90DF5C1}.Release|x64.ActiveCfg = Release|x64
		{BCC13507-D817-4EAD-A5E8-578FE90DF5C1}.Release|x64.Build.0 = Release|x64
		{BCC13507-D817-4EAD-A5E8-578FE90DF5C1}.Release|x86.ActiveCfg = Release|Win32
		{BCC13507-D817-4EAD-A5E8-578FE90DF5C1}.Release|x86.Build.0 = Release|Win32
		{C9366F67-1122-408D-9F51-888317961169}.Debug|x64.ActiveCfg = Debug|x64
		{C9366F67-1122-408D-9F51-888317961169}.Debug|x64.Build.0 = Debug|x64
		{C9366F67-1122-408D-9F51-888317961169}.Debug|x86.ActiveCfg = Debug|Win32
		{C9366F67-1122-408D-9F51-888317961169}.Debug|x86.Build.0 = Debug|Win32
		{C9366F67-1122-408D-9F51-888317961169}.Release|x64.ActiveCfg = Release|x64
		{C9366F67-1122-408D-9F51-888317961169}.Release|x64.Build.0 = Release|x64
		{C9366F67-1122-408D-9F51-888317961169}.Release|x86.ActiveCfg = Release|Win32
		{C9366F67-1122-408D-9F51-888317961169}.Release|x86.Build.0 = Release|Win32
		{6BF5E397-CB9D-493D-B551-D843D64A08B8}.Debug|x64.ActiveCfg = Debug|x64
		{6BF5E397-CB9D-493D-B551-D843D64A08B8}.Debug|x64.Build.0 = Debug|x64
		{6BF5E397-CB9D-493D-B551-D843D64A08B8}.Debug|x86.ActiveCfg = Debug|Win32
		{6BF5E397-CB9D-493D-B551-D843D64A08B8}.Debug|x86.Build.0 = Debug|Win32
		{6BF5E397-CB9D-493D-B551-D843D64A08B8}.Release|x64.ActiveCfg = Release|x64
		{6BF5E397-CB9D-493D-B551-D843D64A08B8}.Release|x64.Build.0 = Release|x64
		{6BF5E397-CB9D-493D-B551-D843D64A08B8}.Release|x86.ActiveCfg = Release|Win32
		{6BF5E397-CB9D-493D-B551-D843D64A08B8}.Release|x86.Build.0 = Release|Win32
		{5536944D-8770-4E94-B4C6-92879231A9A5}.Debug|x64.ActiveCfg = Debug|x64
		{5536944D-8770-4E94-B4C6-92879231A9A5}.Debug|x64.Build.0 = Debug|x64
		{5536944D-8770-4E94-B4C6-92879231A9A5}.Debug|x86.ActiveCfg = Debug|Win32
		{5536944D-8770-4E94-B4C6-92879231A9A5}.Debug|x86.Build.0 = Debug|Win32
		{5536944D-8770-4E94-B4C6-92879231A9A5}.Release|x64.ActiveCfg = Release|x64
		{5536944D-8770-4E94-B4C6-92879231A9A5}.Release|x64.Build.0 = Release|x64
		{5536944D-8770-4E94-B4C6-92879231A9A5}.Release|x86.ActiveCfg = Release|Win32
		{5536944D-8770-4E94-B4C6-92879231A9A5}.Release|x86.Build.0 = Release|Win32
		{D817E66D-BB4B-482D-AC33-15B9F01311AA}.Debug|x64.ActiveCfg = Debug|x64
		{D817E66D-BB4B-482D-AC33-15B9F01311AA}.Debug|x64.Build.0 = Debug|x64
		{D817E66D-BB4B-482D-AC33-15B9F01311AA}.Debug|x86.ActiveCfg = Debug|Win32
		{D817E66D-BB4B-482D-AC33-15B9F01311AA}.Debug|x86.Build.0 = Debug|Win32
		{D817E66D-BB4B-482D-AC33-15B9F01311AA}.Release|x64.ActiveCfg = Release|x64
		{D817E66D-BB4B-482D-AC33-15B9F01311AA}.Release|x64.Build.0 = Release|x64
		{D817E66D-BB4B-482D-AC33-15B9F01311AA}.Release|x86.ActiveCfg = Release|Win32
		{D817E66D-BB4B-482D-AC33-15B9F01311AA}.Release|x86.Build.0 = Release|Win32
		{F19CED2F-9D83-4781-BA16-C91B5F0773A7}.Debug|x64.ActiveCfg = Debug|x64
		{F19CED2F-9D83-4781-BA16-C91B5F0773A7}.Debug|x64.Build.0 = Debug|x64
		{F19CED2F-9D83-4781-BA16-C91B5F0773A7}.Debug|x86.ActiveCfg = Debug|Win32
		{F19CED2F-9D83-4781-BA16-C91B5F0773A7}.Debug|x86.Build.0 = Debug|Win32
		{F19CED2F-9D83-4781-BA16-C91B5F0773A7}.Release|x64.ActiveCfg = Release|x64
		{F19CED2F-9D83-4781-BA16-C91B5F0773A7}.Release|x64.Build.0 = Release|x64
		{F19CED2F-9D83-4781-BA16-C91B5F0773A7}.Release|x86.ActiveCfg = Release|Win32
		{F19CED2F-9D83-4781-BA16-C91B5F0773A7}.Release|x86.Build.0 = Release|Win32
		{C1B5C457-627B-475C-A5C5-5A4B421D554C}.Debug|x64.ActiveCfg = Debug|x64
		{C1B5C457-627B-475C-A5C5-5A4B421D554C}.Debug|x64.Build.0 = Debug|x64
		{C1B5C457-627B-475C-A5C5-5A4B421D554C}.Debug|x86.ActiveCfg = Debug|Win32
		{C1B5C457-627B-475C-A5C5-5A4B421D554C}.Debug|x86.Build.0 = Debug|Win32
		{C1B5C457-627B-475C-A5C5-5A4B421D554C}.Release|x64.ActiveCfg = Release|x64
		{C1B5C457-627B-475C-A5C5-5A4B421D554C}.Release|x64.Build.0 = Release|x64
		{C1B5C457-627B-475C-A5C5-5A4B421D554C}.Release|x86.ActiveCfg = Release|Win32
		{C1B5C457-627B-475C-A5C5-5A4B421D554C}.Release|x86.Build.0 = Release|Win32
		{135432F9-BDA3-4967-AB79-FA8240D6E915}.Debug|x64.ActiveCfg = Debug|x64
		{135432F9-BDA3-4967-AB79-FA8240D6E915}.Debug|x64.Build.0 = Debug|x64
		{135432F9-BDA3-4967-AB79-FA8240D6E915}.Debug|x86.ActiveCfg = Debug|Win32
		{135432F9-BDA3-4967-AB79-FA8240D6E915}.Debug|x86.Build.0 = Debug|Win32
		{135432F9-BDA3-4967-AB79-FA8240D6E915}.Release|x64.ActiveCfg = Release|x64
		{135432F9-BDA3-4967-AB79-FA8240D6E915}.Release|x64.Build.0 = Release|x64
		{135432F9-BDA3-4967-AB79-FA8240D6E915}.Release|x86.ActiveCfg = Release|Win32
		{135432F9-BDA3-4967-AB79-FA8240D6E915}.Release|x86.Build.0 = Release|Win32
		{F851AD90-C3FA-4D1F-843E-5DE7D6510011}.Debug|x64.ActiveCfg = Debug|x64
		{F851AD90-C3FA-4D1F-843E-5DE7D6510011}.Debug|x64.Build.0 = Debug|x64
		{F851AD90-C3FA-4D1F-843E-5DE7D6510011}.Debug|x86.ActiveCfg = Debug|Win32
		{F851AD90-C3FA-4D1F-843E-5DE7D6510011}.Debug|x86.Build.0 = Debug|Win32
		{F851AD90-C3FA-4D1F-843E-5DE7D6510011}.Release|x64.ActiveCfg = Release|x64
		{F851AD90-C3FA-4D1F-843E-5DE7D6510011}.Release|x64.Build.0 = Release|x64
		{F851AD90-C3FA-4D1F-843E-5DE7D6510011}.Release|x86.ActiveCfg = Release|Win32
		{F851AD90-C3FA-4D1F-843E-5DE7D6510011}.Release|x86.Build.0 = Release|Win32
		{1785766F-B0C9-4815-9E67-0AB0AECCF9E5}.Debug|x64.ActiveCfg = Debug|x64
		{1785766F-B0C9-4815-9E67-0AB0AECCF9E5}.Debug|x64.Build.0 = Debug|x64
		{1785766F-B0C9-4815-9E67-0AB0AECCF9E5}.Debug|x86.ActiveCfg = Debug|Win32
		{1785766F-B0C9-4815-9E67-0AB0AECCF9E5}.Debug|x86.Build.0 = Debug|Win32
		{1785766F-B0C9-4815-9E67-0AB0AECCF9E5}.Release|x64.ActiveCfg = Release|x64
		{1785766F-B0C9-4815-9E67-0AB0AECCF9E5}.Release|x64.Build.0 = Release|x64
		{1785766F-B0C9-4815-9E67-0AB0AECCF9E5}.Release|x86.ActiveCfg = Release|Win32
		{1785766F-B0C9-4815-9E67-0AB0AECCF9E5}.Release|x86.Build.0 = Release|Win32
		{3BED0D44-7F62-4D4E-A4A4-E59532246D51}.Debug|x64.ActiveCfg = Debug|x64
		{3BED0D44-7F62-4D4E-A4A4-E59532246D51}.Debug|x64.Build.0 = Debug|x64
		{3BED0D44-7F62-4D4E-A4A4-E59532246D51}.Debug|x86.ActiveCfg = Debug|Win32
		{3BED0D44-7F62-4D4E-A4A4-E59532246D51}.Debug|x86.Build.0 = Debug|Win32
		{3BED0D44-7F62-4D4E-A4A4-E59532246D51}.Release|x64.ActiveCfg = Release|x64
		{3BED0D44-7F62-4D4E-A4A4-E59532246D51}.Release|x64.Build.0 = Release|x64
		{3BED0D44-7F62-4D4E-A4A4-E59532246D51}.Release|x86.ActiveCfg = Release|Win32
		{3BED0D44-7F62-4D4E-A4A4-E59532246D51}.Release|x86.Build.0 = Release|Win32
		{6DD2E109-2322-49DC-B06B-88063F20AD5D}.Debug|x64.ActiveCfg = Debug|x64
		{6DD2E109-2322-49DC-B06B-88063F20AD5D}.Debug|x64.Build.0 = Debug|x64
		{6DD2E109-2322-49DC-B06B-88063F20AD5D}.Debug|x86.ActiveCfg = Debug|Win32
		{6DD2E109-2322-49DC-B06B-88063F20AD5D}.Debug|x86.Build.0 = Debug|Win32
		{6DD2E109-2322-49DC-B06B-88063F20AD5D}.Release|x64.ActiveCfg = Release|x64
		{6DD2E109-2322-49DC-B06B-88063F20AD5D}.Release|x64.Build.0 = Release|x64
		{6DD2E109-2322-49DC-B06B-88063F20AD5D}.Release|x86.ActiveCfg = Release|Win32
		{6DD2E109-2322-49DC-B06B-88063F20AD5D}.Release|x86.Build.0 = Release|Win32
		{B91BEC9C-8E35-4D3B-BF69-EBDC1536B5FF}.Debug|x64.ActiveCfg = Debug|x64
		{B91BEC9C-8E35-4D3B-BF69-EBDC1536B5FF}.Debug|x64.Build.0 = Debug|x64
		{B91BEC9C-8E35-4D3B-BF69-EBDC1536B5FF}.Debug|x86.ActiveCfg = Debug|Win32
		{B91BEC9C-8E35-4D3B-BF69-EBDC1536B5FF}.Debug|x86.Build.0 = Debug|Win32
		{B91BEC9C-8E35-4D3B-BF69-EBDC1536B5FF}.Release|x64.ActiveCfg = Release|x64
		{B91BEC9C-8E35-4D3B-BF69-EBDC1536B5FF}.Release|x64.Build.0 = Release|x64
		{B91BEC9C-8E35-4D3B-BF69-EBDC1536B5FF}.Release|x86.ActiveCfg = Release|Win32
		{B91BEC9C-8E35-4D3B-BF69-EBDC1536B5FF}.Release|x86.Build.0 = Release|Win32
	EndGlobalSection
	GlobalSection(SolutionProperties) = preSolution
		HideSolutionNode = FALSE
	EndGlobalSection
	GlobalSection(NestedProjects) = preSolution
		{D0CA2A96-AF27-408B-A928-81C69822DB9E} = {3E73B7DC-DD8A-4DAE-80D3-A057047807FC}
		{BCC13507-D817-4EAD-A5E8-578FE90DF5C1} = {3E73B7DC-DD8A-4DAE-80D3-A057047807FC}
		{C9366F67-1122-408D-9F51-888317961169} = {3E73B7DC-DD8A-4DAE-80D3-A057047807FC}
		{6BF5E397-CB9D-493D-B551-D843D64A08B8} = {3E73B7DC-DD8A-4DAE-80D3-A057047807FC}
		{5536944D-8770-4E94-B4C6-92879231A9A5} = {3E73B7DC-DD8A-4DAE-80D3-A057047807FC}
		{D817E66D-BB4B-482D-AC33-15B9F01311AA} = {3E73B7DC-DD8A-4DAE-80D3-A057047807FC}
		{F19CED2F-9D83-4781-BA16-C91B5F0773A7} = {3E73B7DC-DD8A-4DAE-80D3-A057047807FC}
		{C1B5C457-627B-475C-A5C5-5A4B421D554C} = {3E73B7DC-DD8A-4DAE-80D3-A057047807FC}
		{135432F9-BDA3-4967-AB79-FA8240D6E915} = {3E73B7DC-DD8A-4DAE-80D3-A057047807FC}
		{F851AD90-C3FA-4D1F-843E-5DE7D6510011} = {3E73B7DC-DD8A-4DAE-80D3-A057047807FC}
		{1785766F-B0C9-4815-9E67-0AB0AECCF9E5} = {3E73B7DC-DD8A-4DAE-80D3-A057047807FC}
		{3BED0D44-7F62-4D4E-A4A4-E59532246D51} = {3E73B7DC-DD8A-4DAE-80D3-A057047807FC}
		{6DD2E109-2322-49DC-B06B-88063F20AD5D} = {3E73B7DC-DD8A-4DAE-80D3-A057047807FC}
	EndGlobalSection
	GlobalSection(ExtensibilityGlobals) = postSolution
		SolutionGuid = {CDC54A52-C93A-4347-A5D1-747FEC373BD4}
	EndGlobalSection
EndGlobal
