
Microsoft Visual Studio Solution File, Format Version 12.00
# Visual Studio Version 16
VisualStudioVersion = 16.0.28917.181
MinimumVisualStudioVersion = 10.0.40219.1
Project("{8BC9CEB8-8B4A-11D0-8D11-00A0C91BC942}") = "test", "test\test.vcxproj", "{D0CA2A96-AF27-408B-A928-81C69822DB9E}"
EndProject
Project("{2150E333-8FDC-42A3-9474-1A3956D46DE8}") = "warehouse", "warehouse", "{3E73B7DC-DD8A-4DAE-80D3-A057047807FC}"
EndProject
Project("{8BC9CEB8-8B4A-11D0-8D11-00A0C91BC942}") = "test1", "test1\test1.vcxproj", "{BCC13507-D817-4EAD-A5E8-578FE90DF5C1}"
EndProject
Project("{8BC9CEB8-8B4A-11D0-8D11-00A0C91BC942}") = "test2", "test2\test2.vcxproj", "{C9366F67-1122-408D-9F51-888317961169}"
EndProject
Project("{8BC9CEB8-8B4A-11D0-8D11-00A0C91BC942}") = "test3", "test3\test3.vcxproj", "{6BF5E397-CB9D-493D-B551-D843D64A08B8}"
EndProject
Project("{8BC9CEB8-8B4A-11D0-8D11-00A0C91BC942}") = "test4", "test4\test4.vcxproj", "{5536944D-8770-4E94-B4C6-92879231A9A5}"
EndProject
Project("{8BC9CEB8-8B4A-11D0-8D11-00A0C91BC942}") = "Project1", "Project1\Project1.vcxproj", "{D817E66D-BB4B-482D-AC33-15B9F01311AA}"
EndProject
Project("{8BC9CEB8-8B4A-11D0-8D11-00A0C91BC942}") = "Project2", "Project2\Project2.vcxproj", "{F19CED2F-9D83-4781-BA16-C91B5F0773A7}"
EndProject
Project("{8BC9CEB8-8B4A-11D0-8D11-00A0C91BC942}") = "Project3", "Project3\Project3.vcxproj", "{C1B5C457-627B-475C-A5C5-5A4B421D554C}"
EndProject
Project("{8BC9CEB8-8B4A-11D0-8D11-00A0C91BC942}") = "Chal5", "Chal5\Chal5.vcxproj", "{135432F9-BDA3-4967-AB79-FA8240D6E915}"
EndProject
Project("{8BC9CEB8-8B4A-11D0-8D11-00A0C91BC942}") = "q1", "q1\q1.vcxproj", "{F851AD90-C3FA-4D1F-843E-5DE7D6510011}"
EndProject
Project("{8BC9CEB8-8B4A-11D0-8D11-00A0C91BC942}") = "5.23일 1번 도전", "1\1.vcxproj", "{1785766F-B0C9-4815-9E67-0AB0AECCF9E5}"
EndProject
Project("{8BC9CEB8-8B4A-11D0-8D11-00A0C91BC942}") = "5.23일 도전 3", "5.23일 도전 3\5.23일 도전 3.vcxproj", "{3BED0D44-7F62-4D4E-A4A4-E59532246D51}"
EndProject
Project("{8BC9CEB8-8B4A-11D0-8D11-00A0C91BC942}") = "5.23일 도전 4", "5.23일 도전 4\5.23일 도전 4.vcxproj", "{6DD2E109-2322-49DC-B06B-88063F20AD5D}"
EndProject
Project("{8BC9CEB8-8B4A-11D0-8D11-00A0C91BC942}") = "5.23일 도전 5 변형", "5.23일 도전 5 변형\5.23일 도전 5 변형.vcxproj", "{B91BEC9C-8E35-4D3B-BF69-EBDC1536B5FF}"
EndProject
Project("{8BC9CEB8-8B4A-11D0-8D11-00A0C91BC942}") = "Project4", "Project4\Project4.vcxproj", "{5BFB12CA-389E-47FC-B233-CAE5D64AFA7A}"
EndProject
Project("{8BC9CEB8-8B4A-11D0-8D11-00A0C91BC942}") = "Project5", "Project5\Project5.vcxproj", "{3533B2A4-6A43-4C76-B4F0-4F1904F14E43}"
EndProject
Project("{8BC9CEB8-8B4A-11D0-8D11-00A0C91BC942}") = "Project6", "Project6\Project6.vcxproj", "{DDD929C5-8E2A-4964-B30D-10A8A6714A09}"
EndProject
Project("{8BC9CEB8-8B4A-11D0-8D11-00A0C91BC942}") = "q3_ver2", "Project7\Project7.vcxproj", "{B7A70641-98A7-4637-BEF7-8B946D88324A}"
EndProject
Project("{8BC9CEB8-8B4A-11D0-8D11-00A0C91BC942}") = "5.31", "5.31\5.31.vcxproj", "{50CBA8F5-6E58-419B-90D0-805239590807}"
EndProject
Project("{8BC9CEB8-8B4A-11D0-8D11-00A0C91BC942}") = "5.31-1", "5.31-1\5.31-1.vcxproj", "{34DFDF20-5BEA-45BF-BA53-49C2F8C73B04}"
EndProject
Project("{8BC9CEB8-8B4A-11D0-8D11-00A0C91BC942}") = "5.31-2", "5.31-2\5.31-2.vcxproj", "{F47F791E-17B2-4E5F-A17F-CA66ACCA96B8}"
EndProject
Project("{8BC9CEB8-8B4A-11D0-8D11-00A0C91BC942}") = "5.31-3", "5.31-3\5.31-3.vcxproj", "{FE20FC2E-3B3A-4E7B-90CB-4EEA54DED386}"
EndProject
Project("{8BC9CEB8-8B4A-11D0-8D11-00A0C91BC942}") = "5.31-4", "5.31-4\5.31-4.vcxproj", "{E13487ED-424A-47CF-B87B-147B0B7D9D73}"
EndProject
Project("{8BC9CEB8-8B4A-11D0-8D11-00A0C91BC942}") = "5.31-5", "5.31-5\5.31-5.vcxproj", "{212905E4-FCCD-48FA-99A6-06875C21B644}"
EndProject
Project("{8BC9CEB8-8B4A-11D0-8D11-00A0C91BC942}") = "5.31_q", "5.31_q\5.31_q.vcxproj", "{1E549120-E972-4CC4-8035-6FA24FCD00A1}"
EndProject
Project("{2150E333-8FDC-42A3-9474-1A3956D46DE8}") = "Q", "Q", "{A6700B69-786D-402E-9805-553EE2B9D893}"
EndProject
Project("{8BC9CEB8-8B4A-11D0-8D11-00A0C91BC942}") = "while", "while\while.vcxproj", "{668313EE-6C2F-48DF-86E5-4DD3A9103649}"
EndProject
Project("{8BC9CEB8-8B4A-11D0-8D11-00A0C91BC942}") = "dwhile", "dwhile\dwhile.vcxproj", "{79640D02-C380-408B-99B3-16298F0EF8BA}"
EndProject
Project("{8BC9CEB8-8B4A-11D0-8D11-00A0C91BC942}") = "AllWhile", "AllWhile\AllWhile.vcxproj", "{204644EA-A915-4CDC-AB72-1BC129A367AF}"
EndProject
Project("{8BC9CEB8-8B4A-11D0-8D11-00A0C91BC942}") = "for", "for\for.vcxproj", "{449FAFA6-BEFF-40F6-AC69-8D6D1342715B}"
EndProject
Project("{2150E333-8FDC-42A3-9474-1A3956D46DE8}") = "Q_test", "Q_test", "{E52E4268-2CE7-4989-BA6A-FFEC42D57453}"
EndProject
Project("{8BC9CEB8-8B4A-11D0-8D11-00A0C91BC942}") = "Q_test_place", "Q_test_place\Q_test_place.vcxproj", "{48AF8CEB-7E65-4BF1-B8A9-8EEAE35E547F}"
EndProject
Project("{8BC9CEB8-8B4A-11D0-8D11-00A0C91BC942}") = "if", "if\if.vcxproj", "{4A0E87E7-5B54-4E64-B482-072435D3842A}"
EndProject
Project("{8BC9CEB8-8B4A-11D0-8D11-00A0C91BC942}") = "function", "function\function.vcxproj", "{DE9B2EDF-8211-4896-94CA-802D178E4358}"
EndProject
Project("{2150E333-8FDC-42A3-9474-1A3956D46DE8}") = "Class", "Class", "{56B8EFEF-A508-47B9-A416-E3C50EFCCAA0}"
	ProjectSection(SolutionItems) = preProject
		Q_test_place\1212.c = Q_test_place\1212.c
		Q_test_place\1222.c = Q_test_place\1222.c
		..\..\C_Study\4_struct\1_478.c = ..\..\C_Study\4_struct\1_478.c
	EndProjectSection
EndProject
Project("{8BC9CEB8-8B4A-11D0-8D11-00A0C91BC942}") = "6.4", "6.4\6.4.vcxproj", "{CBCC3485-434E-4143-A7DF-62C6B17C3EF1}"
EndProject
Project("{8BC9CEB8-8B4A-11D0-8D11-00A0C91BC942}") = "6월4일 일반struct", "6월4일\6월4일.vcxproj", "{86254A77-97BD-46D6-8F23-CBB4F823214A}"
EndProject
Project("{8BC9CEB8-8B4A-11D0-8D11-00A0C91BC942}") = "6월4일 중첩struct", "6월4일 중첩struct\6월4일 중첩struct.vcxproj", "{31855686-6D38-4C24-A6AB-71ACEDE58EFC}"
EndProject
Project("{8BC9CEB8-8B4A-11D0-8D11-00A0C91BC942}") = "6월4일 enum", "6월4일 enum\6월4일 enum.vcxproj", "{2A9C811A-E849-41AA-BE05-43B76A795015}"
EndProject
Project("{8BC9CEB8-8B4A-11D0-8D11-00A0C91BC942}") = "Challange1!", "Challange1!\Challange1!.vcxproj", "{47433154-DC3D-4245-9C05-E18461723923}"
EndProject
Project("{8BC9CEB8-8B4A-11D0-8D11-00A0C91BC942}") = "메모리관련", "메모리관련\메모리관련.vcxproj", "{37A13D3F-A49D-437E-9DC7-94CAAF4ECDD6}"
EndProject
Project("{8BC9CEB8-8B4A-11D0-8D11-00A0C91BC942}") = "test-sub", "test-sub\test-sub.vcxproj", "{121A38A8-D152-4F61-9E30-2B9AC3EA0E2C}"
EndProject
Project("{8BC9CEB8-8B4A-11D0-8D11-00A0C91BC942}") = "6.7", "6.7\6.7.vcxproj", "{ED24392E-5746-42C9-8D58-3CF9C6F1A2AD}"
EndProject
Project("{8BC9CEB8-8B4A-11D0-8D11-00A0C91BC942}") = "Challenge2!", "Challenge2!\Challenge2!.vcxproj", "{A150600E-E5AC-472E-916B-CF59B20D94B9}"
EndProject
Project("{8BC9CEB8-8B4A-11D0-8D11-00A0C91BC942}") = "first", "first\first.vcxproj", "{803ED4E0-71F6-4E74-8DD3-AD2B677F1E06}"
EndProject
Project("{2150E333-8FDC-42A3-9474-1A3956D46DE8}") = "testtest", "testtest", "{2B50FC12-F06B-432C-83F3-DAA2183944B8}"
EndProject
Project("{8BC9CEB8-8B4A-11D0-8D11-00A0C91BC942}") = "server", "server\server.vcxproj", "{9A7A77D6-2B56-4D2C-854D-0405E0DF05A0}"
EndProject
Global
	GlobalSection(SolutionConfigurationPlatforms) = preSolution
		Debug|x64 = Debug|x64
		Debug|x86 = Debug|x86
		Release|x64 = Release|x64
		Release|x86 = Release|x86
	EndGlobalSection
	GlobalSection(ProjectConfigurationPlatforms) = postSolution
		{D0CA2A96-AF27-408B-A928-81C69822DB9E}.Debug|x64.ActiveCfg = Debug|x64
		{D0CA2A96-AF27-408B-A928-81C69822DB9E}.Debug|x64.Build.0 = Debug|x64
		{D0CA2A96-AF27-408B-A928-81C69822DB9E}.Debug|x86.ActiveCfg = Debug|Win32
		{D0CA2A96-AF27-408B-A928-81C69822DB9E}.Debug|x86.Build.0 = Debug|Win32
		{D0CA2A96-AF27-408B-A928-81C69822DB9E}.Release|x64.ActiveCfg = Release|x64
		{D0CA2A96-AF27-408B-A928-81C69822DB9E}.Release|x64.Build.0 = Release|x64
		{D0CA2A96-AF27-408B-A928-81C69822DB9E}.Release|x86.ActiveCfg = Release|Win32
		{D0CA2A96-AF27-408B-A928-81C69822DB9E}.Release|x86.Build.0 = Release|Win32
		{BCC13507-D817-4EAD-A5E8-578FE90DF5C1}.Debug|x64.ActiveCfg = Debug|x64
		{BCC13507-D817-4EAD-A5E8-578FE90DF5C1}.Debug|x64.Build.0 = Debug|x64
		{BCC13507-D817-4EAD-A5E8-578FE90DF5C1}.Debug|x86.ActiveCfg = Debug|Win32
		{BCC13507-D817-4EAD-A5E8-578FE90DF5C1}.Debug|x86.Build.0 = Debug|Win32
		{BCC13507-D817-4EAD-A5E8-578FE90DF5C1}.Release|x64.ActiveCfg = Release|x64
		{BCC13507-D817-4EAD-A5E8-578FE90DF5C1}.Release|x64.Build.0 = Release|x64
		{BCC13507-D817-4EAD-A5E8-578FE90DF5C1}.Release|x86.ActiveCfg = Release|Win32
		{BCC13507-D817-4EAD-A5E8-578FE90DF5C1}.Release|x86.Build.0 = Release|Win32
		{C9366F67-1122-408D-9F51-888317961169}.Debug|x64.ActiveCfg = Debug|x64
		{C9366F67-1122-408D-9F51-888317961169}.Debug|x64.Build.0 = Debug|x64
		{C9366F67-1122-408D-9F51-888317961169}.Debug|x86.ActiveCfg = Debug|Win32
		{C9366F67-1122-408D-9F51-888317961169}.Debug|x86.Build.0 = Debug|Win32
		{C9366F67-1122-408D-9F51-888317961169}.Release|x64.ActiveCfg = Release|x64
		{C9366F67-1122-408D-9F51-888317961169}.Release|x64.Build.0 = Release|x64
		{C9366F67-1122-408D-9F51-888317961169}.Release|x86.ActiveCfg = Release|Win32
		{C9366F67-1122-408D-9F51-888317961169}.Release|x86.Build.0 = Release|Win32
		{6BF5E397-CB9D-493D-B551-D843D64A08B8}.Debug|x64.ActiveCfg = Debug|x64
		{6BF5E397-CB9D-493D-B551-D843D64A08B8}.Debug|x64.Build.0 = Debug|x64
		{6BF5E397-CB9D-493D-B551-D843D64A08B8}.Debug|x86.ActiveCfg = Debug|Win32
		{6BF5E397-CB9D-493D-B551-D843D64A08B8}.Debug|x86.Build.0 = Debug|Win32
		{6BF5E397-CB9D-493D-B551-D843D64A08B8}.Release|x64.ActiveCfg = Release|x64
		{6BF5E397-CB9D-493D-B551-D843D64A08B8}.Release|x64.Build.0 = Release|x64
		{6BF5E397-CB9D-493D-B551-D843D64A08B8}.Release|x86.ActiveCfg = Release|Win32
		{6BF5E397-CB9D-493D-B551-D843D64A08B8}.Release|x86.Build.0 = Release|Win32
		{5536944D-8770-4E94-B4C6-92879231A9A5}.Debug|x64.ActiveCfg = Debug|x64
		{5536944D-8770-4E94-B4C6-92879231A9A5}.Debug|x64.Build.0 = Debug|x64
		{5536944D-8770-4E94-B4C6-92879231A9A5}.Debug|x86.ActiveCfg = Debug|Win32
		{5536944D-8770-4E94-B4C6-92879231A9A5}.Debug|x86.Build.0 = Debug|Win32
		{5536944D-8770-4E94-B4C6-92879231A9A5}.Release|x64.ActiveCfg = Release|x64
		{5536944D-8770-4E94-B4C6-92879231A9A5}.Release|x64.Build.0 = Release|x64
		{5536944D-8770-4E94-B4C6-92879231A9A5}.Release|x86.ActiveCfg = Release|Win32
		{5536944D-8770-4E94-B4C6-92879231A9A5}.Release|x86.Build.0 = Release|Win32
		{D817E66D-BB4B-482D-AC33-15B9F01311AA}.Debug|x64.ActiveCfg = Debug|x64
		{D817E66D-BB4B-482D-AC33-15B9F01311AA}.Debug|x64.Build.0 = Debug|x64
		{D817E66D-BB4B-482D-AC33-15B9F01311AA}.Debug|x86.ActiveCfg = Debug|Win32
		{D817E66D-BB4B-482D-AC33-15B9F01311AA}.Debug|x86.Build.0 = Debug|Win32
		{D817E66D-BB4B-482D-AC33-15B9F01311AA}.Release|x64.ActiveCfg = Release|x64
		{D817E66D-BB4B-482D-AC33-15B9F01311AA}.Release|x64.Build.0 = Release|x64
		{D817E66D-BB4B-482D-AC33-15B9F01311AA}.Release|x86.ActiveCfg = Release|Win32
		{D817E66D-BB4B-482D-AC33-15B9F01311AA}.Release|x86.Build.0 = Release|Win32
		{F19CED2F-9D83-4781-BA16-C91B5F0773A7}.Debug|x64.ActiveCfg = Debug|x64
		{F19CED2F-9D83-4781-BA16-C91B5F0773A7}.Debug|x64.Build.0 = Debug|x64
		{F19CED2F-9D83-4781-BA16-C91B5F0773A7}.Debug|x86.ActiveCfg = Debug|Win32
		{F19CED2F-9D83-4781-BA16-C91B5F0773A7}.Debug|x86.Build.0 = Debug|Win32
		{F19CED2F-9D83-4781-BA16-C91B5F0773A7}.Release|x64.ActiveCfg = Release|x64
		{F19CED2F-9D83-4781-BA16-C91B5F0773A7}.Release|x64.Build.0 = Release|x64
		{F19CED2F-9D83-4781-BA16-C91B5F0773A7}.Release|x86.ActiveCfg = Release|Win32
		{F19CED2F-9D83-4781-BA16-C91B5F0773A7}.Release|x86.Build.0 = Release|Win32
		{C1B5C457-627B-475C-A5C5-5A4B421D554C}.Debug|x64.ActiveCfg = Debug|x64
		{C1B5C457-627B-475C-A5C5-5A4B421D554C}.Debug|x64.Build.0 = Debug|x64
		{C1B5C457-627B-475C-A5C5-5A4B421D554C}.Debug|x86.ActiveCfg = Debug|Win32
		{C1B5C457-627B-475C-A5C5-5A4B421D554C}.Debug|x86.Build.0 = Debug|Win32
		{C1B5C457-627B-475C-A5C5-5A4B421D554C}.Release|x64.ActiveCfg = Release|x64
		{C1B5C457-627B-475C-A5C5-5A4B421D554C}.Release|x64.Build.0 = Release|x64
		{C1B5C457-627B-475C-A5C5-5A4B421D554C}.Release|x86.ActiveCfg = Release|Win32
		{C1B5C457-627B-475C-A5C5-5A4B421D554C}.Release|x86.Build.0 = Release|Win32
		{135432F9-BDA3-4967-AB79-FA8240D6E915}.Debug|x64.ActiveCfg = Debug|x64
		{135432F9-BDA3-4967-AB79-FA8240D6E915}.Debug|x64.Build.0 = Debug|x64
		{135432F9-BDA3-4967-AB79-FA8240D6E915}.Debug|x86.ActiveCfg = Debug|Win32
		{135432F9-BDA3-4967-AB79-FA8240D6E915}.Debug|x86.Build.0 = Debug|Win32
		{135432F9-BDA3-4967-AB79-FA8240D6E915}.Release|x64.ActiveCfg = Release|x64
		{135432F9-BDA3-4967-AB79-FA8240D6E915}.Release|x64.Build.0 = Release|x64
		{135432F9-BDA3-4967-AB79-FA8240D6E915}.Release|x86.ActiveCfg = Release|Win32
		{135432F9-BDA3-4967-AB79-FA8240D6E915}.Release|x86.Build.0 = Release|Win32
		{F851AD90-C3FA-4D1F-843E-5DE7D6510011}.Debug|x64.ActiveCfg = Debug|x64
		{F851AD90-C3FA-4D1F-843E-5DE7D6510011}.Debug|x64.Build.0 = Debug|x64
		{F851AD90-C3FA-4D1F-843E-5DE7D6510011}.Debug|x86.ActiveCfg = Debug|Win32
		{F851AD90-C3FA-4D1F-843E-5DE7D6510011}.Debug|x86.Build.0 = Debug|Win32
		{F851AD90-C3FA-4D1F-843E-5DE7D6510011}.Release|x64.ActiveCfg = Release|x64
		{F851AD90-C3FA-4D1F-843E-5DE7D6510011}.Release|x64.Build.0 = Release|x64
		{F851AD90-C3FA-4D1F-843E-5DE7D6510011}.Release|x86.ActiveCfg = Release|Win32
		{F851AD90-C3FA-4D1F-843E-5DE7D6510011}.Release|x86.Build.0 = Release|Win32
		{1785766F-B0C9-4815-9E67-0AB0AECCF9E5}.Debug|x64.ActiveCfg = Debug|x64
		{1785766F-B0C9-4815-9E67-0AB0AECCF9E5}.Debug|x64.Build.0 = Debug|x64
		{1785766F-B0C9-4815-9E67-0AB0AECCF9E5}.Debug|x86.ActiveCfg = Debug|Win32
		{1785766F-B0C9-4815-9E67-0AB0AECCF9E5}.Debug|x86.Build.0 = Debug|Win32
		{1785766F-B0C9-4815-9E67-0AB0AECCF9E5}.Release|x64.ActiveCfg = Release|x64
		{1785766F-B0C9-4815-9E67-0AB0AECCF9E5}.Release|x64.Build.0 = Release|x64
		{1785766F-B0C9-4815-9E67-0AB0AECCF9E5}.Release|x86.ActiveCfg = Release|Win32
		{1785766F-B0C9-4815-9E67-0AB0AECCF9E5}.Release|x86.Build.0 = Release|Win32
		{3BED0D44-7F62-4D4E-A4A4-E59532246D51}.Debug|x64.ActiveCfg = Debug|x64
		{3BED0D44-7F62-4D4E-A4A4-E59532246D51}.Debug|x64.Build.0 = Debug|x64
		{3BED0D44-7F62-4D4E-A4A4-E59532246D51}.Debug|x86.ActiveCfg = Debug|Win32
		{3BED0D44-7F62-4D4E-A4A4-E59532246D51}.Debug|x86.Build.0 = Debug|Win32
		{3BED0D44-7F62-4D4E-A4A4-E59532246D51}.Release|x64.ActiveCfg = Release|x64
		{3BED0D44-7F62-4D4E-A4A4-E59532246D51}.Release|x64.Build.0 = Release|x64
		{3BED0D44-7F62-4D4E-A4A4-E59532246D51}.Release|x86.ActiveCfg = Release|Win32
		{3BED0D44-7F62-4D4E-A4A4-E59532246D51}.Release|x86.Build.0 = Release|Win32
		{6DD2E109-2322-49DC-B06B-88063F20AD5D}.Debug|x64.ActiveCfg = Debug|x64
		{6DD2E109-2322-49DC-B06B-88063F20AD5D}.Debug|x64.Build.0 = Debug|x64
		{6DD2E109-2322-49DC-B06B-88063F20AD5D}.Debug|x86.ActiveCfg = Debug|Win32
		{6DD2E109-2322-49DC-B06B-88063F20AD5D}.Debug|x86.Build.0 = Debug|Win32
		{6DD2E109-2322-49DC-B06B-88063F20AD5D}.Release|x64.ActiveCfg = Release|x64
		{6DD2E109-2322-49DC-B06B-88063F20AD5D}.Release|x64.Build.0 = Release|x64
		{6DD2E109-2322-49DC-B06B-88063F20AD5D}.Release|x86.ActiveCfg = Release|Win32
		{6DD2E109-2322-49DC-B06B-88063F20AD5D}.Release|x86.Build.0 = Release|Win32
		{B91BEC9C-8E35-4D3B-BF69-EBDC1536B5FF}.Debug|x64.ActiveCfg = Debug|x64
		{B91BEC9C-8E35-4D3B-BF69-EBDC1536B5FF}.Debug|x64.Build.0 = Debug|x64
		{B91BEC9C-8E35-4D3B-BF69-EBDC1536B5FF}.Debug|x86.ActiveCfg = Debug|Win32
		{B91BEC9C-8E35-4D3B-BF69-EBDC1536B5FF}.Debug|x86.Build.0 = Debug|Win32
		{B91BEC9C-8E35-4D3B-BF69-EBDC1536B5FF}.Release|x64.ActiveCfg = Release|x64
		{B91BEC9C-8E35-4D3B-BF69-EBDC1536B5FF}.Release|x64.Build.0 = Release|x64
		{B91BEC9C-8E35-4D3B-BF69-EBDC1536B5FF}.Release|x86.ActiveCfg = Release|Win32
		{B91BEC9C-8E35-4D3B-BF69-EBDC1536B5FF}.Release|x86.Build.0 = Release|Win32
		{5BFB12CA-389E-47FC-B233-CAE5D64AFA7A}.Debug|x64.ActiveCfg = Debug|x64
		{5BFB12CA-389E-47FC-B233-CAE5D64AFA7A}.Debug|x64.Build.0 = Debug|x64
		{5BFB12CA-389E-47FC-B233-CAE5D64AFA7A}.Debug|x86.ActiveCfg = Debug|Win32
		{5BFB12CA-389E-47FC-B233-CAE5D64AFA7A}.Debug|x86.Build.0 = Debug|Win32
		{5BFB12CA-389E-47FC-B233-CAE5D64AFA7A}.Release|x64.ActiveCfg = Release|x64
		{5BFB12CA-389E-47FC-B233-CAE5D64AFA7A}.Release|x64.Build.0 = Release|x64
		{5BFB12CA-389E-47FC-B233-CAE5D64AFA7A}.Release|x86.ActiveCfg = Release|Win32
		{5BFB12CA-389E-47FC-B233-CAE5D64AFA7A}.Release|x86.Build.0 = Release|Win32
		{3533B2A4-6A43-4C76-B4F0-4F1904F14E43}.Debug|x64.ActiveCfg = Debug|x64
		{3533B2A4-6A43-4C76-B4F0-4F1904F14E43}.Debug|x64.Build.0 = Debug|x64
		{3533B2A4-6A43-4C76-B4F0-4F1904F14E43}.Debug|x86.ActiveCfg = Debug|Win32
		{3533B2A4-6A43-4C76-B4F0-4F1904F14E43}.Debug|x86.Build.0 = Debug|Win32
		{3533B2A4-6A43-4C76-B4F0-4F1904F14E43}.Release|x64.ActiveCfg = Release|x64
		{3533B2A4-6A43-4C76-B4F0-4F1904F14E43}.Release|x64.Build.0 = Release|x64
		{3533B2A4-6A43-4C76-B4F0-4F1904F14E43}.Release|x86.ActiveCfg = Release|Win32
		{3533B2A4-6A43-4C76-B4F0-4F1904F14E43}.Release|x86.Build.0 = Release|Win32
		{DDD929C5-8E2A-4964-B30D-10A8A6714A09}.Debug|x64.ActiveCfg = Debug|x64
		{DDD929C5-8E2A-4964-B30D-10A8A6714A09}.Debug|x64.Build.0 = Debug|x64
		{DDD929C5-8E2A-4964-B30D-10A8A6714A09}.Debug|x86.ActiveCfg = Debug|Win32
		{DDD929C5-8E2A-4964-B30D-10A8A6714A09}.Debug|x86.Build.0 = Debug|Win32
		{DDD929C5-8E2A-4964-B30D-10A8A6714A09}.Release|x64.ActiveCfg = Release|x64
		{DDD929C5-8E2A-4964-B30D-10A8A6714A09}.Release|x64.Build.0 = Release|x64
		{DDD929C5-8E2A-4964-B30D-10A8A6714A09}.Release|x86.ActiveCfg = Release|Win32
		{DDD929C5-8E2A-4964-B30D-10A8A6714A09}.Release|x86.Build.0 = Release|Win32
		{B7A70641-98A7-4637-BEF7-8B946D88324A}.Debug|x64.ActiveCfg = Debug|x64
		{B7A70641-98A7-4637-BEF7-8B946D88324A}.Debug|x64.Build.0 = Debug|x64
		{B7A70641-98A7-4637-BEF7-8B946D88324A}.Debug|x86.ActiveCfg = Debug|Win32
		{B7A70641-98A7-4637-BEF7-8B946D88324A}.Debug|x86.Build.0 = Debug|Win32
		{B7A70641-98A7-4637-BEF7-8B946D88324A}.Release|x64.ActiveCfg = Release|x64
		{B7A70641-98A7-4637-BEF7-8B946D88324A}.Release|x64.Build.0 = Release|x64
		{B7A70641-98A7-4637-BEF7-8B946D88324A}.Release|x86.ActiveCfg = Release|Win32
		{B7A70641-98A7-4637-BEF7-8B946D88324A}.Release|x86.Build.0 = Release|Win32
		{50CBA8F5-6E58-419B-90D0-805239590807}.Debug|x64.ActiveCfg = Debug|x64
		{50CBA8F5-6E58-419B-90D0-805239590807}.Debug|x64.Build.0 = Debug|x64
		{50CBA8F5-6E58-419B-90D0-805239590807}.Debug|x86.ActiveCfg = Debug|Win32
		{50CBA8F5-6E58-419B-90D0-805239590807}.Debug|x86.Build.0 = Debug|Win32
		{50CBA8F5-6E58-419B-90D0-805239590807}.Release|x64.ActiveCfg = Release|x64
		{50CBA8F5-6E58-419B-90D0-805239590807}.Release|x64.Build.0 = Release|x64
		{50CBA8F5-6E58-419B-90D0-805239590807}.Release|x86.ActiveCfg = Release|Win32
		{50CBA8F5-6E58-419B-90D0-805239590807}.Release|x86.Build.0 = Release|Win32
		{34DFDF20-5BEA-45BF-BA53-49C2F8C73B04}.Debug|x64.ActiveCfg = Debug|x64
		{34DFDF20-5BEA-45BF-BA53-49C2F8C73B04}.Debug|x64.Build.0 = Debug|x64
		{34DFDF20-5BEA-45BF-BA53-49C2F8C73B04}.Debug|x86.ActiveCfg = Debug|Win32
		{34DFDF20-5BEA-45BF-BA53-49C2F8C73B04}.Debug|x86.Build.0 = Debug|Win32
		{34DFDF20-5BEA-45BF-BA53-49C2F8C73B04}.Release|x64.ActiveCfg = Release|x64
		{34DFDF20-5BEA-45BF-BA53-49C2F8C73B04}.Release|x64.Build.0 = Release|x64
		{34DFDF20-5BEA-45BF-BA53-49C2F8C73B04}.Release|x86.ActiveCfg = Release|Win32
		{34DFDF20-5BEA-45BF-BA53-49C2F8C73B04}.Release|x86.Build.0 = Release|Win32
		{F47F791E-17B2-4E5F-A17F-CA66ACCA96B8}.Debug|x64.ActiveCfg = Debug|x64
		{F47F791E-17B2-4E5F-A17F-CA66ACCA96B8}.Debug|x64.Build.0 = Debug|x64
		{F47F791E-17B2-4E5F-A17F-CA66ACCA96B8}.Debug|x86.ActiveCfg = Debug|Win32
		{F47F791E-17B2-4E5F-A17F-CA66ACCA96B8}.Debug|x86.Build.0 = Debug|Win32
		{F47F791E-17B2-4E5F-A17F-CA66ACCA96B8}.Release|x64.ActiveCfg = Release|x64
		{F47F791E-17B2-4E5F-A17F-CA66ACCA96B8}.Release|x64.Build.0 = Release|x64
		{F47F791E-17B2-4E5F-A17F-CA66ACCA96B8}.Release|x86.ActiveCfg = Release|Win32
		{F47F791E-17B2-4E5F-A17F-CA66ACCA96B8}.Release|x86.Build.0 = Release|Win32
		{FE20FC2E-3B3A-4E7B-90CB-4EEA54DED386}.Debug|x64.ActiveCfg = Debug|x64
		{FE20FC2E-3B3A-4E7B-90CB-4EEA54DED386}.Debug|x64.Build.0 = Debug|x64
		{FE20FC2E-3B3A-4E7B-90CB-4EEA54DED386}.Debug|x86.ActiveCfg = Debug|Win32
		{FE20FC2E-3B3A-4E7B-90CB-4EEA54DED386}.Debug|x86.Build.0 = Debug|Win32
		{FE20FC2E-3B3A-4E7B-90CB-4EEA54DED386}.Release|x64.ActiveCfg = Release|x64
		{FE20FC2E-3B3A-4E7B-90CB-4EEA54DED386}.Release|x64.Build.0 = Release|x64
		{FE20FC2E-3B3A-4E7B-90CB-4EEA54DED386}.Release|x86.ActiveCfg = Release|Win32
		{FE20FC2E-3B3A-4E7B-90CB-4EEA54DED386}.Release|x86.Build.0 = Release|Win32
		{E13487ED-424A-47CF-B87B-147B0B7D9D73}.Debug|x64.ActiveCfg = Debug|x64
		{E13487ED-424A-47CF-B87B-147B0B7D9D73}.Debug|x64.Build.0 = Debug|x64
		{E13487ED-424A-47CF-B87B-147B0B7D9D73}.Debug|x86.ActiveCfg = Debug|Win32
		{E13487ED-424A-47CF-B87B-147B0B7D9D73}.Debug|x86.Build.0 = Debug|Win32
		{E13487ED-424A-47CF-B87B-147B0B7D9D73}.Release|x64.ActiveCfg = Release|x64
		{E13487ED-424A-47CF-B87B-147B0B7D9D73}.Release|x64.Build.0 = Release|x64
		{E13487ED-424A-47CF-B87B-147B0B7D9D73}.Release|x86.ActiveCfg = Release|Win32
		{E13487ED-424A-47CF-B87B-147B0B7D9D73}.Release|x86.Build.0 = Release|Win32
		{212905E4-FCCD-48FA-99A6-06875C21B644}.Debug|x64.ActiveCfg = Debug|x64
		{212905E4-FCCD-48FA-99A6-06875C21B644}.Debug|x64.Build.0 = Debug|x64
		{212905E4-FCCD-48FA-99A6-06875C21B644}.Debug|x86.ActiveCfg = Debug|Win32
		{212905E4-FCCD-48FA-99A6-06875C21B644}.Debug|x86.Build.0 = Debug|Win32
		{212905E4-FCCD-48FA-99A6-06875C21B644}.Release|x64.ActiveCfg = Release|x64
		{212905E4-FCCD-48FA-99A6-06875C21B644}.Release|x64.Build.0 = Release|x64
		{212905E4-FCCD-48FA-99A6-06875C21B644}.Release|x86.ActiveCfg = Release|Win32
		{212905E4-FCCD-48FA-99A6-06875C21B644}.Release|x86.Build.0 = Release|Win32
		{1E549120-E972-4CC4-8035-6FA24FCD00A1}.Debug|x64.ActiveCfg = Debug|x64
		{1E549120-E972-4CC4-8035-6FA24FCD00A1}.Debug|x64.Build.0 = Debug|x64
		{1E549120-E972-4CC4-8035-6FA24FCD00A1}.Debug|x86.ActiveCfg = Debug|Win32
		{1E549120-E972-4CC4-8035-6FA24FCD00A1}.Debug|x86.Build.0 = Debug|Win32
		{1E549120-E972-4CC4-8035-6FA24FCD00A1}.Release|x64.ActiveCfg = Release|x64
		{1E549120-E972-4CC4-8035-6FA24FCD00A1}.Release|x64.Build.0 = Release|x64
		{1E549120-E972-4CC4-8035-6FA24FCD00A1}.Release|x86.ActiveCfg = Release|Win32
		{1E549120-E972-4CC4-8035-6FA24FCD00A1}.Release|x86.Build.0 = Release|Win32
		{668313EE-6C2F-48DF-86E5-4DD3A9103649}.Debug|x64.ActiveCfg = Debug|x64
		{668313EE-6C2F-48DF-86E5-4DD3A9103649}.Debug|x64.Build.0 = Debug|x64
		{668313EE-6C2F-48DF-86E5-4DD3A9103649}.Debug|x86.ActiveCfg = Debug|Win32
		{668313EE-6C2F-48DF-86E5-4DD3A9103649}.Debug|x86.Build.0 = Debug|Win32
		{668313EE-6C2F-48DF-86E5-4DD3A9103649}.Release|x64.ActiveCfg = Release|x64
		{668313EE-6C2F-48DF-86E5-4DD3A9103649}.Release|x64.Build.0 = Release|x64
		{668313EE-6C2F-48DF-86E5-4DD3A9103649}.Release|x86.ActiveCfg = Release|Win32
		{668313EE-6C2F-48DF-86E5-4DD3A9103649}.Release|x86.Build.0 = Release|Win32
		{79640D02-C380-408B-99B3-16298F0EF8BA}.Debug|x64.ActiveCfg = Debug|x64
		{79640D02-C380-408B-99B3-16298F0EF8BA}.Debug|x64.Build.0 = Debug|x64
		{79640D02-C380-408B-99B3-16298F0EF8BA}.Debug|x86.ActiveCfg = Debug|Win32
		{79640D02-C380-408B-99B3-16298F0EF8BA}.Debug|x86.Build.0 = Debug|Win32
		{79640D02-C380-408B-99B3-16298F0EF8BA}.Release|x64.ActiveCfg = Release|x64
		{79640D02-C380-408B-99B3-16298F0EF8BA}.Release|x64.Build.0 = Release|x64
		{79640D02-C380-408B-99B3-16298F0EF8BA}.Release|x86.ActiveCfg = Release|Win32
		{79640D02-C380-408B-99B3-16298F0EF8BA}.Release|x86.Build.0 = Release|Win32
		{204644EA-A915-4CDC-AB72-1BC129A367AF}.Debug|x64.ActiveCfg = Debug|x64
		{204644EA-A915-4CDC-AB72-1BC129A367AF}.Debug|x64.Build.0 = Debug|x64
		{204644EA-A915-4CDC-AB72-1BC129A367AF}.Debug|x86.ActiveCfg = Debug|Win32
		{204644EA-A915-4CDC-AB72-1BC129A367AF}.Debug|x86.Build.0 = Debug|Win32
		{204644EA-A915-4CDC-AB72-1BC129A367AF}.Release|x64.ActiveCfg = Release|x64
		{204644EA-A915-4CDC-AB72-1BC129A367AF}.Release|x64.Build.0 = Release|x64
		{204644EA-A915-4CDC-AB72-1BC129A367AF}.Release|x86.ActiveCfg = Release|Win32
		{204644EA-A915-4CDC-AB72-1BC129A367AF}.Release|x86.Build.0 = Release|Win32
		{449FAFA6-BEFF-40F6-AC69-8D6D1342715B}.Debug|x64.ActiveCfg = Debug|x64
		{449FAFA6-BEFF-40F6-AC69-8D6D1342715B}.Debug|x64.Build.0 = Debug|x64
		{449FAFA6-BEFF-40F6-AC69-8D6D1342715B}.Debug|x86.ActiveCfg = Debug|Win32
		{449FAFA6-BEFF-40F6-AC69-8D6D1342715B}.Debug|x86.Build.0 = Debug|Win32
		{449FAFA6-BEFF-40F6-AC69-8D6D1342715B}.Release|x64.ActiveCfg = Release|x64
		{449FAFA6-BEFF-40F6-AC69-8D6D1342715B}.Release|x64.Build.0 = Release|x64
		{449FAFA6-BEFF-40F6-AC69-8D6D1342715B}.Release|x86.ActiveCfg = Release|Win32
		{449FAFA6-BEFF-40F6-AC69-8D6D1342715B}.Release|x86.Build.0 = Release|Win32
		{48AF8CEB-7E65-4BF1-B8A9-8EEAE35E547F}.Debug|x64.ActiveCfg = Debug|x64
		{48AF8CEB-7E65-4BF1-B8A9-8EEAE35E547F}.Debug|x64.Build.0 = Debug|x64
		{48AF8CEB-7E65-4BF1-B8A9-8EEAE35E547F}.Debug|x86.ActiveCfg = Debug|Win32
		{48AF8CEB-7E65-4BF1-B8A9-8EEAE35E547F}.Debug|x86.Build.0 = Debug|Win32
		{48AF8CEB-7E65-4BF1-B8A9-8EEAE35E547F}.Release|x64.ActiveCfg = Release|x64
		{48AF8CEB-7E65-4BF1-B8A9-8EEAE35E547F}.Release|x64.Build.0 = Release|x64
		{48AF8CEB-7E65-4BF1-B8A9-8EEAE35E547F}.Release|x86.ActiveCfg = Release|Win32
		{48AF8CEB-7E65-4BF1-B8A9-8EEAE35E547F}.Release|x86.Build.0 = Release|Win32
		{4A0E87E7-5B54-4E64-B482-072435D3842A}.Debug|x64.ActiveCfg = Debug|x64
		{4A0E87E7-5B54-4E64-B482-072435D3842A}.Debug|x64.Build.0 = Debug|x64
		{4A0E87E7-5B54-4E64-B482-072435D3842A}.Debug|x86.ActiveCfg = Debug|Win32
		{4A0E87E7-5B54-4E64-B482-072435D3842A}.Debug|x86.Build.0 = Debug|Win32
		{4A0E87E7-5B54-4E64-B482-072435D3842A}.Release|x64.ActiveCfg = Release|x64
		{4A0E87E7-5B54-4E64-B482-072435D3842A}.Release|x64.Build.0 = Release|x64
		{4A0E87E7-5B54-4E64-B482-072435D3842A}.Release|x86.ActiveCfg = Release|Win32
		{4A0E87E7-5B54-4E64-B482-072435D3842A}.Release|x86.Build.0 = Release|Win32
		{DE9B2EDF-8211-4896-94CA-802D178E4358}.Debug|x64.ActiveCfg = Debug|x64
		{DE9B2EDF-8211-4896-94CA-802D178E4358}.Debug|x64.Build.0 = Debug|x64
		{DE9B2EDF-8211-4896-94CA-802D178E4358}.Debug|x86.ActiveCfg = Debug|Win32
		{DE9B2EDF-8211-4896-94CA-802D178E4358}.Debug|x86.Build.0 = Debug|Win32
		{DE9B2EDF-8211-4896-94CA-802D178E4358}.Release|x64.ActiveCfg = Release|x64
		{DE9B2EDF-8211-4896-94CA-802D178E4358}.Release|x64.Build.0 = Release|x64
		{DE9B2EDF-8211-4896-94CA-802D178E4358}.Release|x86.ActiveCfg = Release|Win32
		{DE9B2EDF-8211-4896-94CA-802D178E4358}.Release|x86.Build.0 = Release|Win32
		{CBCC3485-434E-4143-A7DF-62C6B17C3EF1}.Debug|x64.ActiveCfg = Debug|x64
		{CBCC3485-434E-4143-A7DF-62C6B17C3EF1}.Debug|x64.Build.0 = Debug|x64
		{CBCC3485-434E-4143-A7DF-62C6B17C3EF1}.Debug|x86.ActiveCfg = Debug|Win32
		{CBCC3485-434E-4143-A7DF-62C6B17C3EF1}.Debug|x86.Build.0 = Debug|Win32
		{CBCC3485-434E-4143-A7DF-62C6B17C3EF1}.Release|x64.ActiveCfg = Release|x64
		{CBCC3485-434E-4143-A7DF-62C6B17C3EF1}.Release|x64.Build.0 = Release|x64
		{CBCC3485-434E-4143-A7DF-62C6B17C3EF1}.Release|x86.ActiveCfg = Release|Win32
		{CBCC3485-434E-4143-A7DF-62C6B17C3EF1}.Release|x86.Build.0 = Release|Win32
		{86254A77-97BD-46D6-8F23-CBB4F823214A}.Debug|x64.ActiveCfg = Debug|x64
		{86254A77-97BD-46D6-8F23-CBB4F823214A}.Debug|x64.Build.0 = Debug|x64
		{86254A77-97BD-46D6-8F23-CBB4F823214A}.Debug|x86.ActiveCfg = Debug|Win32
		{86254A77-97BD-46D6-8F23-CBB4F823214A}.Debug|x86.Build.0 = Debug|Win32
		{86254A77-97BD-46D6-8F23-CBB4F823214A}.Release|x64.ActiveCfg = Release|x64
		{86254A77-97BD-46D6-8F23-CBB4F823214A}.Release|x64.Build.0 = Release|x64
		{86254A77-97BD-46D6-8F23-CBB4F823214A}.Release|x86.ActiveCfg = Release|Win32
		{86254A77-97BD-46D6-8F23-CBB4F823214A}.Release|x86.Build.0 = Release|Win32
		{31855686-6D38-4C24-A6AB-71ACEDE58EFC}.Debug|x64.ActiveCfg = Debug|x64
		{31855686-6D38-4C24-A6AB-71ACEDE58EFC}.Debug|x64.Build.0 = Debug|x64
		{31855686-6D38-4C24-A6AB-71ACEDE58EFC}.Debug|x86.ActiveCfg = Debug|Win32
		{31855686-6D38-4C24-A6AB-71ACEDE58EFC}.Debug|x86.Build.0 = Debug|Win32
		{31855686-6D38-4C24-A6AB-71ACEDE58EFC}.Release|x64.ActiveCfg = Release|x64
		{31855686-6D38-4C24-A6AB-71ACEDE58EFC}.Release|x64.Build.0 = Release|x64
		{31855686-6D38-4C24-A6AB-71ACEDE58EFC}.Release|x86.ActiveCfg = Release|Win32
		{31855686-6D38-4C24-A6AB-71ACEDE58EFC}.Release|x86.Build.0 = Release|Win32
		{2A9C811A-E849-41AA-BE05-43B76A795015}.Debug|x64.ActiveCfg = Debug|x64
		{2A9C811A-E849-41AA-BE05-43B76A795015}.Debug|x64.Build.0 = Debug|x64
		{2A9C811A-E849-41AA-BE05-43B76A795015}.Debug|x86.ActiveCfg = Debug|Win32
		{2A9C811A-E849-41AA-BE05-43B76A795015}.Debug|x86.Build.0 = Debug|Win32
		{2A9C811A-E849-41AA-BE05-43B76A795015}.Release|x64.ActiveCfg = Release|x64
		{2A9C811A-E849-41AA-BE05-43B76A795015}.Release|x64.Build.0 = Release|x64
		{2A9C811A-E849-41AA-BE05-43B76A795015}.Release|x86.ActiveCfg = Release|Win32
		{2A9C811A-E849-41AA-BE05-43B76A795015}.Release|x86.Build.0 = Release|Win32
		{47433154-DC3D-4245-9C05-E18461723923}.Debug|x64.ActiveCfg = Debug|x64
		{47433154-DC3D-4245-9C05-E18461723923}.Debug|x64.Build.0 = Debug|x64
		{47433154-DC3D-4245-9C05-E18461723923}.Debug|x86.ActiveCfg = Debug|Win32
		{47433154-DC3D-4245-9C05-E18461723923}.Debug|x86.Build.0 = Debug|Win32
		{47433154-DC3D-4245-9C05-E18461723923}.Release|x64.ActiveCfg = Release|x64
		{47433154-DC3D-4245-9C05-E18461723923}.Release|x64.Build.0 = Release|x64
		{47433154-DC3D-4245-9C05-E18461723923}.Release|x86.ActiveCfg = Release|Win32
		{47433154-DC3D-4245-9C05-E18461723923}.Release|x86.Build.0 = Release|Win32
		{37A13D3F-A49D-437E-9DC7-94CAAF4ECDD6}.Debug|x64.ActiveCfg = Debug|x64
		{37A13D3F-A49D-437E-9DC7-94CAAF4ECDD6}.Debug|x64.Build.0 = Debug|x64
		{37A13D3F-A49D-437E-9DC7-94CAAF4ECDD6}.Debug|x86.ActiveCfg = Debug|Win32
		{37A13D3F-A49D-437E-9DC7-94CAAF4ECDD6}.Debug|x86.Build.0 = Debug|Win32
		{37A13D3F-A49D-437E-9DC7-94CAAF4ECDD6}.Release|x64.ActiveCfg = Release|x64
		{37A13D3F-A49D-437E-9DC7-94CAAF4ECDD6}.Release|x64.Build.0 = Release|x64
		{37A13D3F-A49D-437E-9DC7-94CAAF4ECDD6}.Release|x86.ActiveCfg = Release|Win32
		{37A13D3F-A49D-437E-9DC7-94CAAF4ECDD6}.Release|x86.Build.0 = Release|Win32
		{121A38A8-D152-4F61-9E30-2B9AC3EA0E2C}.Debug|x64.ActiveCfg = Debug|x64
		{121A38A8-D152-4F61-9E30-2B9AC3EA0E2C}.Debug|x64.Build.0 = Debug|x64
		{121A38A8-D152-4F61-9E30-2B9AC3EA0E2C}.Debug|x86.ActiveCfg = Debug|Win32
		{121A38A8-D152-4F61-9E30-2B9AC3EA0E2C}.Debug|x86.Build.0 = Debug|Win32
		{121A38A8-D152-4F61-9E30-2B9AC3EA0E2C}.Release|x64.ActiveCfg = Release|x64
		{121A38A8-D152-4F61-9E30-2B9AC3EA0E2C}.Release|x64.Build.0 = Release|x64
		{121A38A8-D152-4F61-9E30-2B9AC3EA0E2C}.Release|x86.ActiveCfg = Release|Win32
		{121A38A8-D152-4F61-9E30-2B9AC3EA0E2C}.Release|x86.Build.0 = Release|Win32
		{ED24392E-5746-42C9-8D58-3CF9C6F1A2AD}.Debug|x64.ActiveCfg = Debug|x64
		{ED24392E-5746-42C9-8D58-3CF9C6F1A2AD}.Debug|x64.Build.0 = Debug|x64
		{ED24392E-5746-42C9-8D58-3CF9C6F1A2AD}.Debug|x86.ActiveCfg = Debug|Win32
		{ED24392E-5746-42C9-8D58-3CF9C6F1A2AD}.Debug|x86.Build.0 = Debug|Win32
		{ED24392E-5746-42C9-8D58-3CF9C6F1A2AD}.Release|x64.ActiveCfg = Release|x64
		{ED24392E-5746-42C9-8D58-3CF9C6F1A2AD}.Release|x64.Build.0 = Release|x64
		{ED24392E-5746-42C9-8D58-3CF9C6F1A2AD}.Release|x86.ActiveCfg = Release|Win32
		{ED24392E-5746-42C9-8D58-3CF9C6F1A2AD}.Release|x86.Build.0 = Release|Win32
		{A150600E-E5AC-472E-916B-CF59B20D94B9}.Debug|x64.ActiveCfg = Debug|x64
		{A150600E-E5AC-472E-916B-CF59B20D94B9}.Debug|x64.Build.0 = Debug|x64
		{A150600E-E5AC-472E-916B-CF59B20D94B9}.Debug|x86.ActiveCfg = Debug|Win32
		{A150600E-E5AC-472E-916B-CF59B20D94B9}.Debug|x86.Build.0 = Debug|Win32
		{A150600E-E5AC-472E-916B-CF59B20D94B9}.Release|x64.ActiveCfg = Release|x64
		{A150600E-E5AC-472E-916B-CF59B20D94B9}.Release|x64.Build.0 = Release|x64
		{A150600E-E5AC-472E-916B-CF59B20D94B9}.Release|x86.ActiveCfg = Release|Win32
		{A150600E-E5AC-472E-916B-CF59B20D94B9}.Release|x86.Build.0 = Release|Win32
		{803ED4E0-71F6-4E74-8DD3-AD2B677F1E06}.Debug|x64.ActiveCfg = Debug|x64
		{803ED4E0-71F6-4E74-8DD3-AD2B677F1E06}.Debug|x64.Build.0 = Debug|x64
		{803ED4E0-71F6-4E74-8DD3-AD2B677F1E06}.Debug|x86.ActiveCfg = Debug|Win32
		{803ED4E0-71F6-4E74-8DD3-AD2B677F1E06}.Debug|x86.Build.0 = Debug|Win32
		{803ED4E0-71F6-4E74-8DD3-AD2B677F1E06}.Release|x64.ActiveCfg = Release|x64
		{803ED4E0-71F6-4E74-8DD3-AD2B677F1E06}.Release|x64.Build.0 = Release|x64
		{803ED4E0-71F6-4E74-8DD3-AD2B677F1E06}.Release|x86.ActiveCfg = Release|Win32
		{803ED4E0-71F6-4E74-8DD3-AD2B677F1E06}.Release|x86.Build.0 = Release|Win32
		{9A7A77D6-2B56-4D2C-854D-0405E0DF05A0}.Debug|x64.ActiveCfg = Debug|x64
		{9A7A77D6-2B56-4D2C-854D-0405E0DF05A0}.Debug|x64.Build.0 = Debug|x64
		{9A7A77D6-2B56-4D2C-854D-0405E0DF05A0}.Debug|x86.ActiveCfg = Debug|Win32
		{9A7A77D6-2B56-4D2C-854D-0405E0DF05A0}.Debug|x86.Build.0 = Debug|Win32
		{9A7A77D6-2B56-4D2C-854D-0405E0DF05A0}.Release|x64.ActiveCfg = Release|x64
		{9A7A77D6-2B56-4D2C-854D-0405E0DF05A0}.Release|x64.Build.0 = Release|x64
		{9A7A77D6-2B56-4D2C-854D-0405E0DF05A0}.Release|x86.ActiveCfg = Release|Win32
		{9A7A77D6-2B56-4D2C-854D-0405E0DF05A0}.Release|x86.Build.0 = Release|Win32
	EndGlobalSection
	GlobalSection(SolutionProperties) = preSolution
		HideSolutionNode = FALSE
	EndGlobalSection
	GlobalSection(NestedProjects) = preSolution
		{D0CA2A96-AF27-408B-A928-81C69822DB9E} = {3E73B7DC-DD8A-4DAE-80D3-A057047807FC}
		{BCC13507-D817-4EAD-A5E8-578FE90DF5C1} = {3E73B7DC-DD8A-4DAE-80D3-A057047807FC}
		{C9366F67-1122-408D-9F51-888317961169} = {3E73B7DC-DD8A-4DAE-80D3-A057047807FC}
		{6BF5E397-CB9D-493D-B551-D843D64A08B8} = {3E73B7DC-DD8A-4DAE-80D3-A057047807FC}
		{5536944D-8770-4E94-B4C6-92879231A9A5} = {3E73B7DC-DD8A-4DAE-80D3-A057047807FC}
		{D817E66D-BB4B-482D-AC33-15B9F01311AA} = {3E73B7DC-DD8A-4DAE-80D3-A057047807FC}
		{F19CED2F-9D83-4781-BA16-C91B5F0773A7} = {3E73B7DC-DD8A-4DAE-80D3-A057047807FC}
		{C1B5C457-627B-475C-A5C5-5A4B421D554C} = {3E73B7DC-DD8A-4DAE-80D3-A057047807FC}
		{135432F9-BDA3-4967-AB79-FA8240D6E915} = {3E73B7DC-DD8A-4DAE-80D3-A057047807FC}
		{F851AD90-C3FA-4D1F-843E-5DE7D6510011} = {3E73B7DC-DD8A-4DAE-80D3-A057047807FC}
		{1785766F-B0C9-4815-9E67-0AB0AECCF9E5} = {3E73B7DC-DD8A-4DAE-80D3-A057047807FC}
		{3BED0D44-7F62-4D4E-A4A4-E59532246D51} = {3E73B7DC-DD8A-4DAE-80D3-A057047807FC}
		{6DD2E109-2322-49DC-B06B-88063F20AD5D} = {3E73B7DC-DD8A-4DAE-80D3-A057047807FC}
		{B91BEC9C-8E35-4D3B-BF69-EBDC1536B5FF} = {3E73B7DC-DD8A-4DAE-80D3-A057047807FC}
		{5BFB12CA-389E-47FC-B233-CAE5D64AFA7A} = {3E73B7DC-DD8A-4DAE-80D3-A057047807FC}
		{3533B2A4-6A43-4C76-B4F0-4F1904F14E43} = {3E73B7DC-DD8A-4DAE-80D3-A057047807FC}
		{DDD929C5-8E2A-4964-B30D-10A8A6714A09} = {3E73B7DC-DD8A-4DAE-80D3-A057047807FC}
		{B7A70641-98A7-4637-BEF7-8B946D88324A} = {3E73B7DC-DD8A-4DAE-80D3-A057047807FC}
		{50CBA8F5-6E58-419B-90D0-805239590807} = {3E73B7DC-DD8A-4DAE-80D3-A057047807FC}
		{34DFDF20-5BEA-45BF-BA53-49C2F8C73B04} = {3E73B7DC-DD8A-4DAE-80D3-A057047807FC}
		{F47F791E-17B2-4E5F-A17F-CA66ACCA96B8} = {3E73B7DC-DD8A-4DAE-80D3-A057047807FC}
		{FE20FC2E-3B3A-4E7B-90CB-4EEA54DED386} = {3E73B7DC-DD8A-4DAE-80D3-A057047807FC}
		{E13487ED-424A-47CF-B87B-147B0B7D9D73} = {3E73B7DC-DD8A-4DAE-80D3-A057047807FC}
		{212905E4-FCCD-48FA-99A6-06875C21B644} = {3E73B7DC-DD8A-4DAE-80D3-A057047807FC}
		{1E549120-E972-4CC4-8035-6FA24FCD00A1} = {3E73B7DC-DD8A-4DAE-80D3-A057047807FC}
		{668313EE-6C2F-48DF-86E5-4DD3A9103649} = {A6700B69-786D-402E-9805-553EE2B9D893}
		{79640D02-C380-408B-99B3-16298F0EF8BA} = {A6700B69-786D-402E-9805-553EE2B9D893}
		{204644EA-A915-4CDC-AB72-1BC129A367AF} = {A6700B69-786D-402E-9805-553EE2B9D893}
		{449FAFA6-BEFF-40F6-AC69-8D6D1342715B} = {A6700B69-786D-402E-9805-553EE2B9D893}
		{48AF8CEB-7E65-4BF1-B8A9-8EEAE35E547F} = {E52E4268-2CE7-4989-BA6A-FFEC42D57453}
		{4A0E87E7-5B54-4E64-B482-072435D3842A} = {A6700B69-786D-402E-9805-553EE2B9D893}
		{DE9B2EDF-8211-4896-94CA-802D178E4358} = {A6700B69-786D-402E-9805-553EE2B9D893}
		{CBCC3485-434E-4143-A7DF-62C6B17C3EF1} = {56B8EFEF-A508-47B9-A416-E3C50EFCCAA0}
		{86254A77-97BD-46D6-8F23-CBB4F823214A} = {3E73B7DC-DD8A-4DAE-80D3-A057047807FC}
		{31855686-6D38-4C24-A6AB-71ACEDE58EFC} = {3E73B7DC-DD8A-4DAE-80D3-A057047807FC}
		{2A9C811A-E849-41AA-BE05-43B76A795015} = {3E73B7DC-DD8A-4DAE-80D3-A057047807FC}
		{47433154-DC3D-4245-9C05-E18461723923} = {A6700B69-786D-402E-9805-553EE2B9D893}
		{37A13D3F-A49D-437E-9DC7-94CAAF4ECDD6} = {3E73B7DC-DD8A-4DAE-80D3-A057047807FC}
		{121A38A8-D152-4F61-9E30-2B9AC3EA0E2C} = {56B8EFEF-A508-47B9-A416-E3C50EFCCAA0}
		{ED24392E-5746-42C9-8D58-3CF9C6F1A2AD} = {56B8EFEF-A508-47B9-A416-E3C50EFCCAA0}
		{A150600E-E5AC-472E-916B-CF59B20D94B9} = {A6700B69-786D-402E-9805-553EE2B9D893}
		{9A7A77D6-2B56-4D2C-854D-0405E0DF05A0} = {2B50FC12-F06B-432C-83F3-DAA2183944B8}
	EndGlobalSection
	GlobalSection(ExtensibilityGlobals) = postSolution
		SolutionGuid = {CDC54A52-C93A-4347-A5D1-747FEC373BD4}
	EndGlobalSection
EndGlobal
